
Microsoft Visual Studio Solution File, Format Version 12.00
# Visual Studio 14
VisualStudioVersion = 14.0.25420.1
MinimumVisualStudioVersion = 10.0.40219.1
Project("{FAE04EC0-301F-11D3-BF4B-00C04F79EFBC}") = "TimeZoneRepository", "TimeZoneRepository\TimeZoneRepository.csproj", "{8D6B2323-654A-4682-A6D3-E974C9306F32}"
EndProject
Project("{FAE04EC0-301F-11D3-BF4B-00C04F79EFBC}") = "TimeZoneRepository.Tests", "TimeZoneRepository.Tests\TimeZoneRepository.Tests.csproj", "{18AD6460-04D3-4EF8-8688-923E9C511674}"
EndProject
Global
	GlobalSection(SolutionConfigurationPlatforms) = preSolution
		Debug|Any CPU = Debug|Any CPU
		Release|Any CPU = Release|Any CPU
	EndGlobalSection
	GlobalSection(ProjectConfigurationPlatforms) = postSolution
		{8D6B2323-654A-4682-A6D3-E974C9306F32}.Debug|Any CPU.ActiveCfg = Debug|Any CPU
		{8D6B2323-654A-4682-A6D3-E974C9306F32}.Debug|Any CPU.Build.0 = Debug|Any CPU
		{8D6B2323-654A-4682-A6D3-E974C9306F32}.Release|Any CPU.ActiveCfg = Release|Any CPU
		{8D6B2323-654A-4682-A6D3-E974C9306F32}.Release|Any CPU.Build.0 = Release|Any CPU
		{18AD6460-04D3-4EF8-8688-923E9C511674}.Debug|Any CPU.ActiveCfg = Debug|Any CPU
		{18AD6460-04D3-4EF8-8688-923E9C511674}.Debug|Any CPU.Build.0 = Debug|Any CPU
		{18AD6460-04D3-4EF8-8688-923E9C511674}.Release|Any CPU.ActiveCfg = Release|Any CPU
		{18AD6460-04D3-4EF8-8688-923E9C511674}.Release|Any CPU.Build.0 = Release|Any CPU
	EndGlobalSection
	GlobalSection(SolutionProperties) = preSolution
		HideSolutionNode = FALSE
	EndGlobalSection
EndGlobal
